
Microsoft Visual Studio Solution File, Format Version 12.00
# Visual Studio Version 17
VisualStudioVersion = 17.11.35222.181
MinimumVisualStudioVersion = 10.0.40219.1
Project("{FAE04EC0-301F-11D3-BF4B-00C04F79EFBC}") = "MockNet04G2.Business", "MockNet04G2.Business\MockNet04G2.Business.csproj", "{FF42D53E-7B7E-457D-A63B-2E777D4D5221}"
EndProject
Project("{FAE04EC0-301F-11D3-BF4B-00C04F79EFBC}") = "MockNet04G2.Api", "MockNet04G2.Api\MockNet04G2.Api.csproj", "{CECB963A-28FF-42CD-8763-63FE2A6C7DAA}"
EndProject
Project("{FAE04EC0-301F-11D3-BF4B-00C04F79EFBC}") = "MockNet04G2.Core", "MockNet04G2.Core\MockNet04G2.Core.csproj", "{9D4B8810-2575-419F-8421-70B23F732504}"
EndProject
Global
	GlobalSection(SolutionConfigurationPlatforms) = preSolution
		Debug|Any CPU = Debug|Any CPU
		Release|Any CPU = Release|Any CPU
	EndGlobalSection
	GlobalSection(ProjectConfigurationPlatforms) = postSolution
		{FF42D53E-7B7E-457D-A63B-2E777D4D5221}.Debug|Any CPU.ActiveCfg = Debug|Any CPU
		{FF42D53E-7B7E-457D-A63B-2E777D4D5221}.Debug|Any CPU.Build.0 = Debug|Any CPU
		{FF42D53E-7B7E-457D-A63B-2E777D4D5221}.Release|Any CPU.ActiveCfg = Release|Any CPU
		{FF42D53E-7B7E-457D-A63B-2E777D4D5221}.Release|Any CPU.Build.0 = Release|Any CPU
		{CECB963A-28FF-42CD-8763-63FE2A6C7DAA}.Debug|Any CPU.ActiveCfg = Debug|Any CPU
		{CECB963A-28FF-42CD-8763-63FE2A6C7DAA}.Debug|Any CPU.Build.0 = Debug|Any CPU
		{CECB963A-28FF-42CD-8763-63FE2A6C7DAA}.Release|Any CPU.ActiveCfg = Release|Any CPU
		{CECB963A-28FF-42CD-8763-63FE2A6C7DAA}.Release|Any CPU.Build.0 = Release|Any CPU
		{9D4B8810-2575-419F-8421-70B23F732504}.Debug|Any CPU.ActiveCfg = Debug|Any CPU
		{9D4B8810-2575-419F-8421-70B23F732504}.Debug|Any CPU.Build.0 = Debug|Any CPU
		{9D4B8810-2575-419F-8421-70B23F732504}.Release|Any CPU.ActiveCfg = Release|Any CPU
		{9D4B8810-2575-419F-8421-70B23F732504}.Release|Any CPU.Build.0 = Release|Any CPU
	EndGlobalSection
	GlobalSection(SolutionProperties) = preSolution
		HideSolutionNode = FALSE
	EndGlobalSection
	GlobalSection(ExtensibilityGlobals) = postSolution
		SolutionGuid = {EC64CCFF-CDC3-44E8-B2DD-4C396C71A4CE}
	EndGlobalSection
EndGlobal
